
Microsoft Visual Studio Solution File, Format Version 12.00
# Visual Studio Version 17
VisualStudioVersion = 17.10.35027.167
MinimumVisualStudioVersion = 10.0.40219.1
Project("{FAE04EC0-301F-11D3-BF4B-00C04F79EFBC}") = "d4click", "d4click\d4click.csproj", "{F8283EEE-A2CA-4745-A57F-1645C9F09CB1}"
EndProject
Global
	GlobalSection(SolutionConfigurationPlatforms) = preSolution
		Debug|Any CPU = Debug|Any CPU
		Release|Any CPU = Release|Any CPU
	EndGlobalSection
	GlobalSection(ProjectConfigurationPlatforms) = postSolution
		{F8283EEE-A2CA-4745-A57F-1645C9F09CB1}.Debug|Any CPU.ActiveCfg = Debug|Any CPU
		{F8283EEE-A2CA-4745-A57F-1645C9F09CB1}.Debug|Any CPU.Build.0 = Debug|Any CPU
		{F8283EEE-A2CA-4745-A57F-1645C9F09CB1}.Release|Any CPU.ActiveCfg = Release|Any CPU
		{F8283EEE-A2CA-4745-A57F-1645C9F09CB1}.Release|Any CPU.Build.0 = Release|Any CPU
	EndGlobalSection
	GlobalSection(SolutionProperties) = preSolution
		HideSolutionNode = FALSE
	EndGlobalSection
	GlobalSection(ExtensibilityGlobals) = postSolution
		SolutionGuid = {891758F0-F1D7-4424-9632-0299763281B3}
	EndGlobalSection
EndGlobal
